
Microsoft Visual Studio Solution File, Format Version 12.00
# Visual Studio Version 17
VisualStudioVersion = 17.0.32112.339
MinimumVisualStudioVersion = 10.0.40219.1
Project("{FAE04EC0-301F-11D3-BF4B-00C04F79EFBC}") = "GPACalculatorForLZJTU.Cli", "GPACalculatorForLZJTU.Cli\GPACalculatorForLZJTU.Cli.csproj", "{1E5726D2-1E70-4C15-9E1A-606548494D45}"
EndProject
Project("{FAE04EC0-301F-11D3-BF4B-00C04F79EFBC}") = "GPACalculatorForLZJTU.Core", "GPACalculatorForLZJTU.Core\GPACalculatorForLZJTU.Core.csproj", "{897628D2-01D4-47B1-B1A5-96BEA9E2D502}"
EndProject
Global
	GlobalSection(SolutionConfigurationPlatforms) = preSolution
		Debug|Any CPU = Debug|Any CPU
		Release|Any CPU = Release|Any CPU
	EndGlobalSection
	GlobalSection(ProjectConfigurationPlatforms) = postSolution
		{1E5726D2-1E70-4C15-9E1A-606548494D45}.Debug|Any CPU.ActiveCfg = Debug|Any CPU
		{1E5726D2-1E70-4C15-9E1A-606548494D45}.Debug|Any CPU.Build.0 = Debug|Any CPU
		{1E5726D2-1E70-4C15-9E1A-606548494D45}.Release|Any CPU.ActiveCfg = Release|Any CPU
		{1E5726D2-1E70-4C15-9E1A-606548494D45}.Release|Any CPU.Build.0 = Release|Any CPU
		{897628D2-01D4-47B1-B1A5-96BEA9E2D502}.Debug|Any CPU.ActiveCfg = Debug|Any CPU
		{897628D2-01D4-47B1-B1A5-96BEA9E2D502}.Debug|Any CPU.Build.0 = Debug|Any CPU
		{897628D2-01D4-47B1-B1A5-96BEA9E2D502}.Release|Any CPU.ActiveCfg = Release|Any CPU
		{897628D2-01D4-47B1-B1A5-96BEA9E2D502}.Release|Any CPU.Build.0 = Release|Any CPU
	EndGlobalSection
	GlobalSection(SolutionProperties) = preSolution
		HideSolutionNode = FALSE
	EndGlobalSection
	GlobalSection(ExtensibilityGlobals) = postSolution
		SolutionGuid = {58E30C51-7CD5-4073-9918-E4C3163EF46D}
	EndGlobalSection
EndGlobal
